// !$*UTF8*$!
{
	archiveVersion = 1;
	classes = {
	};
	objectVersion = 50;
	objects = {

/* Begin PBXBuildFile section */
		D02189A22254880F001D16F3 /* sloth.png in Resources */ = {isa = PBXBuildFile; fileRef = D02189A12254880F001D16F3 /* sloth.png */; };
		D02C5EC422572C9600127FEB /* MenuItem.swift in Sources */ = {isa = PBXBuildFile; fileRef = D02C5EC322572C9600127FEB /* MenuItem.swift */; };
		D02C5EC92257308A00127FEB /* settings.png in Resources */ = {isa = PBXBuildFile; fileRef = D02C5EC62257308A00127FEB /* settings.png */; };
		D02C5ECA2257308A00127FEB /* reorder.png in Resources */ = {isa = PBXBuildFile; fileRef = D02C5EC72257308A00127FEB /* reorder.png */; };
		D02C5ECB2257308A00127FEB /* rgb.png in Resources */ = {isa = PBXBuildFile; fileRef = D02C5EC82257308A00127FEB /* rgb.png */; };
		D02C5ECD2257339900127FEB /* MenuCell.swift in Sources */ = {isa = PBXBuildFile; fileRef = D02C5ECC2257339900127FEB /* MenuCell.swift */; };
		D0811EAF224DB24A003F0679 /* LaunchScreen.storyboard in Resources */ = {isa = PBXBuildFile; fileRef = D0811EAE224DB24A003F0679 /* LaunchScreen.storyboard */; };
		D0811EB12251DB28003F0679 /* ContainerViewController.swift in Sources */ = {isa = PBXBuildFile; fileRef = D0811EB02251DB28003F0679 /* ContainerViewController.swift */; };
		D0811EB52251E1D2003F0679 /* TodokeTableViewControllerDelegate.swift in Sources */ = {isa = PBXBuildFile; fileRef = D0811EB42251E1D2003F0679 /* TodokeTableViewControllerDelegate.swift */; };
		D0811EB72251EFA3003F0679 /* MenuViewController.swift in Sources */ = {isa = PBXBuildFile; fileRef = D0811EB62251EFA3003F0679 /* MenuViewController.swift */; };
		D0DBA6C62245F7E000729F39 /* AppDelegate.swift in Sources */ = {isa = PBXBuildFile; fileRef = D0DBA6C52245F7E000729F39 /* AppDelegate.swift */; };
		D0DBA6CB2245F7E000729F39 /* Main.storyboard in Resources */ = {isa = PBXBuildFile; fileRef = D0DBA6C92245F7E000729F39 /* Main.storyboard */; };
		D0DBA6CD2245F7E100729F39 /* Assets.xcassets in Resources */ = {isa = PBXBuildFile; fileRef = D0DBA6CC2245F7E100729F39 /* Assets.xcassets */; };
		D0DBA6DB2245F7E100729F39 /* TodokeTests.swift in Sources */ = {isa = PBXBuildFile; fileRef = D0DBA6DA2245F7E100729F39 /* TodokeTests.swift */; };
		D0DBA6E62245F7E100729F39 /* TodokeUITests.swift in Sources */ = {isa = PBXBuildFile; fileRef = D0DBA6E52245F7E100729F39 /* TodokeUITests.swift */; };
		D0DBA6F42246020600729F39 /* TodokeTableViewController.swift in Sources */ = {isa = PBXBuildFile; fileRef = D0DBA6F32246020600729F39 /* TodokeTableViewController.swift */; };
		D0DBA6F92246363C00729F39 /* Todoke.xcdatamodeld in Sources */ = {isa = PBXBuildFile; fileRef = D0DBA6F72246363C00729F39 /* Todoke.xcdatamodeld */; };
/* End PBXBuildFile section */

/* Begin PBXContainerItemProxy section */
		D0DBA6D72245F7E100729F39 /* PBXContainerItemProxy */ = {
			isa = PBXContainerItemProxy;
			containerPortal = D0DBA6BA2245F7E000729F39 /* Project object */;
			proxyType = 1;
			remoteGlobalIDString = D0DBA6C12245F7E000729F39;
			remoteInfo = Todoke;
		};
		D0DBA6E22245F7E100729F39 /* PBXContainerItemProxy */ = {
			isa = PBXContainerItemProxy;
			containerPortal = D0DBA6BA2245F7E000729F39 /* Project object */;
			proxyType = 1;
			remoteGlobalIDString = D0DBA6C12245F7E000729F39;
			remoteInfo = Todoke;
		};
/* End PBXContainerItemProxy section */

/* Begin PBXFileReference section */
		D02189A12254880F001D16F3 /* sloth.png */ = {isa = PBXFileReference; lastKnownFileType = image.png; path = sloth.png; sourceTree = "<group>"; };
		D02C5EC322572C9600127FEB /* MenuItem.swift */ = {isa = PBXFileReference; lastKnownFileType = sourcecode.swift; path = MenuItem.swift; sourceTree = "<group>"; };
		D02C5EC62257308A00127FEB /* settings.png */ = {isa = PBXFileReference; lastKnownFileType = image.png; path = settings.png; sourceTree = "<group>"; };
		D02C5EC72257308A00127FEB /* reorder.png */ = {isa = PBXFileReference; lastKnownFileType = image.png; path = reorder.png; sourceTree = "<group>"; };
		D02C5EC82257308A00127FEB /* rgb.png */ = {isa = PBXFileReference; lastKnownFileType = image.png; path = rgb.png; sourceTree = "<group>"; };
		D02C5ECC2257339900127FEB /* MenuCell.swift */ = {isa = PBXFileReference; lastKnownFileType = sourcecode.swift; path = MenuCell.swift; sourceTree = "<group>"; };
		D0811EAE224DB24A003F0679 /* LaunchScreen.storyboard */ = {isa = PBXFileReference; lastKnownFileType = file.storyboard; path = LaunchScreen.storyboard; sourceTree = "<group>"; };
		D0811EB02251DB28003F0679 /* ContainerViewController.swift */ = {isa = PBXFileReference; fileEncoding = 4; lastKnownFileType = sourcecode.swift; path = ContainerViewController.swift; sourceTree = "<group>"; };
		D0811EB42251E1D2003F0679 /* TodokeTableViewControllerDelegate.swift */ = {isa = PBXFileReference; fileEncoding = 4; lastKnownFileType = sourcecode.swift; path = TodokeTableViewControllerDelegate.swift; sourceTree = "<group>"; };
		D0811EB62251EFA3003F0679 /* MenuViewController.swift */ = {isa = PBXFileReference; fileEncoding = 4; lastKnownFileType = sourcecode.swift; path = MenuViewController.swift; sourceTree = "<group>"; };
		D0DBA6C22245F7E000729F39 /* Todoke.app */ = {isa = PBXFileReference; explicitFileType = wrapper.application; includeInIndex = 0; path = Todoke.app; sourceTree = BUILT_PRODUCTS_DIR; };
		D0DBA6C52245F7E000729F39 /* AppDelegate.swift */ = {isa = PBXFileReference; lastKnownFileType = sourcecode.swift; path = AppDelegate.swift; sourceTree = "<group>"; };
		D0DBA6CA2245F7E000729F39 /* Base */ = {isa = PBXFileReference; lastKnownFileType = file.storyboard; name = Base; path = Base.lproj/Main.storyboard; sourceTree = "<group>"; };
		D0DBA6CC2245F7E100729F39 /* Assets.xcassets */ = {isa = PBXFileReference; lastKnownFileType = folder.assetcatalog; path = Assets.xcassets; sourceTree = "<group>"; };
		D0DBA6D12245F7E100729F39 /* Info.plist */ = {isa = PBXFileReference; lastKnownFileType = text.plist.xml; path = Info.plist; sourceTree = "<group>"; };
		D0DBA6D62245F7E100729F39 /* TodokeTests.xctest */ = {isa = PBXFileReference; explicitFileType = wrapper.cfbundle; includeInIndex = 0; path = TodokeTests.xctest; sourceTree = BUILT_PRODUCTS_DIR; };
		D0DBA6DA2245F7E100729F39 /* TodokeTests.swift */ = {isa = PBXFileReference; lastKnownFileType = sourcecode.swift; path = TodokeTests.swift; sourceTree = "<group>"; };
		D0DBA6DC2245F7E100729F39 /* Info.plist */ = {isa = PBXFileReference; lastKnownFileType = text.plist.xml; path = Info.plist; sourceTree = "<group>"; };
		D0DBA6E12245F7E100729F39 /* TodokeUITests.xctest */ = {isa = PBXFileReference; explicitFileType = wrapper.cfbundle; includeInIndex = 0; path = TodokeUITests.xctest; sourceTree = BUILT_PRODUCTS_DIR; };
		D0DBA6E52245F7E100729F39 /* TodokeUITests.swift */ = {isa = PBXFileReference; lastKnownFileType = sourcecode.swift; path = TodokeUITests.swift; sourceTree = "<group>"; };
		D0DBA6E72245F7E100729F39 /* Info.plist */ = {isa = PBXFileReference; lastKnownFileType = text.plist.xml; path = Info.plist; sourceTree = "<group>"; };
		D0DBA6F32246020600729F39 /* TodokeTableViewController.swift */ = {isa = PBXFileReference; lastKnownFileType = sourcecode.swift; path = TodokeTableViewController.swift; sourceTree = "<group>"; };
		D0DBA6F82246363C00729F39 /* Todoke.xcdatamodel */ = {isa = PBXFileReference; lastKnownFileType = wrapper.xcdatamodel; path = Todoke.xcdatamodel; sourceTree = "<group>"; };
/* End PBXFileReference section */

/* Begin PBXFrameworksBuildPhase section */
		D0DBA6BF2245F7E000729F39 /* Frameworks */ = {
			isa = PBXFrameworksBuildPhase;
			buildActionMask = 2147483647;
			files = (
			);
			runOnlyForDeploymentPostprocessing = 0;
		};
		D0DBA6D32245F7E100729F39 /* Frameworks */ = {
			isa = PBXFrameworksBuildPhase;
			buildActionMask = 2147483647;
			files = (
			);
			runOnlyForDeploymentPostprocessing = 0;
		};
		D0DBA6DE2245F7E100729F39 /* Frameworks */ = {
			isa = PBXFrameworksBuildPhase;
			buildActionMask = 2147483647;
			files = (
			);
			runOnlyForDeploymentPostprocessing = 0;
		};
/* End PBXFrameworksBuildPhase section */

/* Begin PBXGroup section */
		D02C5EC52257301E00127FEB /* Images */ = {
			isa = PBXGroup;
			children = (
				D02C5EC72257308A00127FEB /* reorder.png */,
				D02C5EC82257308A00127FEB /* rgb.png */,
				D02C5EC62257308A00127FEB /* settings.png */,
				D02189A12254880F001D16F3 /* sloth.png */,
			);
			path = Images;
			sourceTree = "<group>";
		};
		D0DBA6B92245F7E000729F39 = {
			isa = PBXGroup;
			children = (
				D0DBA6C42245F7E000729F39 /* Todoke */,
				D0DBA6D92245F7E100729F39 /* TodokeTests */,
				D0DBA6E42245F7E100729F39 /* TodokeUITests */,
				D0DBA6C32245F7E000729F39 /* Products */,
			);
			sourceTree = "<group>";
			usesTabs = 0;
		};
		D0DBA6C32245F7E000729F39 /* Products */ = {
			isa = PBXGroup;
			children = (
				D0DBA6C22245F7E000729F39 /* Todoke.app */,
				D0DBA6D62245F7E100729F39 /* TodokeTests.xctest */,
				D0DBA6E12245F7E100729F39 /* TodokeUITests.xctest */,
			);
			name = Products;
			sourceTree = "<group>";
		};
		D0DBA6C42245F7E000729F39 /* Todoke */ = {
			isa = PBXGroup;
			children = (
				D0DBA6C52245F7E000729F39 /* AppDelegate.swift */,
				D0DBA6CC2245F7E100729F39 /* Assets.xcassets */,
				D0811EB02251DB28003F0679 /* ContainerViewController.swift */,
				D02C5EC52257301E00127FEB /* Images */,
				D0DBA6D12245F7E100729F39 /* Info.plist */,
				D0811EAE224DB24A003F0679 /* LaunchScreen.storyboard */,
				D0DBA6C92245F7E000729F39 /* Main.storyboard */,
				D02C5ECC2257339900127FEB /* MenuCell.swift */,
				D02C5EC322572C9600127FEB /* MenuItem.swift */,
				D0811EB62251EFA3003F0679 /* MenuViewController.swift */,
				D0DBA6F72246363C00729F39 /* Todoke.xcdatamodeld */,
				D0DBA6F32246020600729F39 /* TodokeTableViewController.swift */,
				D0811EB42251E1D2003F0679 /* TodokeTableViewControllerDelegate.swift */,
			);
			path = Todoke;
			sourceTree = "<group>";
		};
		D0DBA6D92245F7E100729F39 /* TodokeTests */ = {
			isa = PBXGroup;
			children = (
				D0DBA6DA2245F7E100729F39 /* TodokeTests.swift */,
				D0DBA6DC2245F7E100729F39 /* Info.plist */,
			);
			path = TodokeTests;
			sourceTree = "<group>";
		};
		D0DBA6E42245F7E100729F39 /* TodokeUITests */ = {
			isa = PBXGroup;
			children = (
				D0DBA6E52245F7E100729F39 /* TodokeUITests.swift */,
				D0DBA6E72245F7E100729F39 /* Info.plist */,
			);
			path = TodokeUITests;
			sourceTree = "<group>";
		};
/* End PBXGroup section */

/* Begin PBXNativeTarget section */
		D0DBA6C12245F7E000729F39 /* Todoke */ = {
			isa = PBXNativeTarget;
			buildConfigurationList = D0DBA6EA2245F7E100729F39 /* Build configuration list for PBXNativeTarget "Todoke" */;
			buildPhases = (
				D0DBA6BE2245F7E000729F39 /* Sources */,
				D0DBA6BF2245F7E000729F39 /* Frameworks */,
				D0DBA6C02245F7E000729F39 /* Resources */,
			);
			buildRules = (
			);
			dependencies = (
			);
			name = Todoke;
			productName = Todoke;
			productReference = D0DBA6C22245F7E000729F39 /* Todoke.app */;
			productType = "com.apple.product-type.application";
		};
		D0DBA6D52245F7E100729F39 /* TodokeTests */ = {
			isa = PBXNativeTarget;
			buildConfigurationList = D0DBA6ED2245F7E100729F39 /* Build configuration list for PBXNativeTarget "TodokeTests" */;
			buildPhases = (
				D0DBA6D22245F7E100729F39 /* Sources */,
				D0DBA6D32245F7E100729F39 /* Frameworks */,
				D0DBA6D42245F7E100729F39 /* Resources */,
			);
			buildRules = (
			);
			dependencies = (
				D0DBA6D82245F7E100729F39 /* PBXTargetDependency */,
			);
			name = TodokeTests;
			productName = TodokeTests;
			productReference = D0DBA6D62245F7E100729F39 /* TodokeTests.xctest */;
			productType = "com.apple.product-type.bundle.unit-test";
		};
		D0DBA6E02245F7E100729F39 /* TodokeUITests */ = {
			isa = PBXNativeTarget;
			buildConfigurationList = D0DBA6F02245F7E100729F39 /* Build configuration list for PBXNativeTarget "TodokeUITests" */;
			buildPhases = (
				D0DBA6DD2245F7E100729F39 /* Sources */,
				D0DBA6DE2245F7E100729F39 /* Frameworks */,
				D0DBA6DF2245F7E100729F39 /* Resources */,
			);
			buildRules = (
			);
			dependencies = (
				D0DBA6E32245F7E100729F39 /* PBXTargetDependency */,
			);
			name = TodokeUITests;
			productName = TodokeUITests;
			productReference = D0DBA6E12245F7E100729F39 /* TodokeUITests.xctest */;
			productType = "com.apple.product-type.bundle.ui-testing";
		};
/* End PBXNativeTarget section */

/* Begin PBXProject section */
		D0DBA6BA2245F7E000729F39 /* Project object */ = {
			isa = PBXProject;
			attributes = {
				LastSwiftUpdateCheck = 1010;
				LastUpgradeCheck = 1010;
				ORGANIZATIONNAME = "Pavin Mathew";
				TargetAttributes = {
					D0DBA6C12245F7E000729F39 = {
						CreatedOnToolsVersion = 10.1;
						LastSwiftMigration = 1010;
					};
					D0DBA6D52245F7E100729F39 = {
						CreatedOnToolsVersion = 10.1;
						TestTargetID = D0DBA6C12245F7E000729F39;
					};
					D0DBA6E02245F7E100729F39 = {
						CreatedOnToolsVersion = 10.1;
						TestTargetID = D0DBA6C12245F7E000729F39;
					};
				};
			};
			buildConfigurationList = D0DBA6BD2245F7E000729F39 /* Build configuration list for PBXProject "Todoke" */;
			compatibilityVersion = "Xcode 9.3";
			developmentRegion = en;
			hasScannedForEncodings = 0;
			knownRegions = (
				en,
				Base,
			);
			mainGroup = D0DBA6B92245F7E000729F39;
			productRefGroup = D0DBA6C32245F7E000729F39 /* Products */;
			projectDirPath = "";
			projectRoot = "";
			targets = (
				D0DBA6C12245F7E000729F39 /* Todoke */,
				D0DBA6D52245F7E100729F39 /* TodokeTests */,
				D0DBA6E02245F7E100729F39 /* TodokeUITests */,
			);
		};
/* End PBXProject section */

/* Begin PBXResourcesBuildPhase section */
		D0DBA6C02245F7E000729F39 /* Resources */ = {
			isa = PBXResourcesBuildPhase;
			buildActionMask = 2147483647;
			files = (
				D0DBA6CD2245F7E100729F39 /* Assets.xcassets in Resources */,
				D02C5EC92257308A00127FEB /* settings.png in Resources */,
				D02189A22254880F001D16F3 /* sloth.png in Resources */,
				D02C5ECB2257308A00127FEB /* rgb.png in Resources */,
				D02C5ECA2257308A00127FEB /* reorder.png in Resources */,
				D0811EAF224DB24A003F0679 /* LaunchScreen.storyboard in Resources */,
				D0DBA6CB2245F7E000729F39 /* Main.storyboard in Resources */,
			);
			runOnlyForDeploymentPostprocessing = 0;
		};
		D0DBA6D42245F7E100729F39 /* Resources */ = {
			isa = PBXResourcesBuildPhase;
			buildActionMask = 2147483647;
			files = (
			);
			runOnlyForDeploymentPostprocessing = 0;
		};
		D0DBA6DF2245F7E100729F39 /* Resources */ = {
			isa = PBXResourcesBuildPhase;
			buildActionMask = 2147483647;
			files = (
			);
			runOnlyForDeploymentPostprocessing = 0;
		};
/* End PBXResourcesBuildPhase section */

/* Begin PBXSourcesBuildPhase section */
		D0DBA6BE2245F7E000729F39 /* Sources */ = {
			isa = PBXSourcesBuildPhase;
			buildActionMask = 2147483647;
			files = (
				D02C5EC422572C9600127FEB /* MenuItem.swift in Sources */,
				D0811EB72251EFA3003F0679 /* MenuViewController.swift in Sources */,
				D02C5ECD2257339900127FEB /* MenuCell.swift in Sources */,
				D0DBA6F92246363C00729F39 /* Todoke.xcdatamodeld in Sources */,
				D0DBA6C62245F7E000729F39 /* AppDelegate.swift in Sources */,
				D0811EB12251DB28003F0679 /* ContainerViewController.swift in Sources */,
				D0DBA6F42246020600729F39 /* TodokeTableViewController.swift in Sources */,
				D0811EB52251E1D2003F0679 /* TodokeTableViewControllerDelegate.swift in Sources */,
			);
			runOnlyForDeploymentPostprocessing = 0;
		};
		D0DBA6D22245F7E100729F39 /* Sources */ = {
			isa = PBXSourcesBuildPhase;
			buildActionMask = 2147483647;
			files = (
				D0DBA6DB2245F7E100729F39 /* TodokeTests.swift in Sources */,
			);
			runOnlyForDeploymentPostprocessing = 0;
		};
		D0DBA6DD2245F7E100729F39 /* Sources */ = {
			isa = PBXSourcesBuildPhase;
			buildActionMask = 2147483647;
			files = (
				D0DBA6E62245F7E100729F39 /* TodokeUITests.swift in Sources */,
			);
			runOnlyForDeploymentPostprocessing = 0;
		};
/* End PBXSourcesBuildPhase section */

/* Begin PBXTargetDependency section */
		D0DBA6D82245F7E100729F39 /* PBXTargetDependency */ = {
			isa = PBXTargetDependency;
			target = D0DBA6C12245F7E000729F39 /* Todoke */;
			targetProxy = D0DBA6D72245F7E100729F39 /* PBXContainerItemProxy */;
		};
		D0DBA6E32245F7E100729F39 /* PBXTargetDependency */ = {
			isa = PBXTargetDependency;
			target = D0DBA6C12245F7E000729F39 /* Todoke */;
			targetProxy = D0DBA6E22245F7E100729F39 /* PBXContainerItemProxy */;
		};
/* End PBXTargetDependency section */

/* Begin PBXVariantGroup section */
		D0DBA6C92245F7E000729F39 /* Main.storyboard */ = {
			isa = PBXVariantGroup;
			children = (
				D0DBA6CA2245F7E000729F39 /* Base */,
			);
			name = Main.storyboard;
			sourceTree = "<group>";
		};
/* End PBXVariantGroup section */

/* Begin XCBuildConfiguration section */
		D0DBA6E82245F7E100729F39 /* Debug */ = {
			isa = XCBuildConfiguration;
			buildSettings = {
				ALWAYS_SEARCH_USER_PATHS = NO;
				CLANG_ANALYZER_NONNULL = YES;
				CLANG_ANALYZER_NUMBER_OBJECT_CONVERSION = YES_AGGRESSIVE;
				CLANG_CXX_LANGUAGE_STANDARD = "gnu++14";
				CLANG_CXX_LIBRARY = "libc++";
				CLANG_ENABLE_MODULES = YES;
				CLANG_ENABLE_OBJC_ARC = YES;
				CLANG_ENABLE_OBJC_WEAK = YES;
				CLANG_WARN_BLOCK_CAPTURE_AUTORELEASING = YES;
				CLANG_WARN_BOOL_CONVERSION = YES;
				CLANG_WARN_COMMA = YES;
				CLANG_WARN_CONSTANT_CONVERSION = YES;
				CLANG_WARN_DEPRECATED_OBJC_IMPLEMENTATIONS = YES;
				CLANG_WARN_DIRECT_OBJC_ISA_USAGE = YES_ERROR;
				CLANG_WARN_DOCUMENTATION_COMMENTS = YES;
				CLANG_WARN_EMPTY_BODY = YES;
				CLANG_WARN_ENUM_CONVERSION = YES;
				CLANG_WARN_INFINITE_RECURSION = YES;
				CLANG_WARN_INT_CONVERSION = YES;
				CLANG_WARN_NON_LITERAL_NULL_CONVERSION = YES;
				CLANG_WARN_OBJC_IMPLICIT_RETAIN_SELF = YES;
				CLANG_WARN_OBJC_LITERAL_CONVERSION = YES;
				CLANG_WARN_OBJC_ROOT_CLASS = YES_ERROR;
				CLANG_WARN_RANGE_LOOP_ANALYSIS = YES;
				CLANG_WARN_STRICT_PROTOTYPES = YES;
				CLANG_WARN_SUSPICIOUS_MOVE = YES;
				CLANG_WARN_UNGUARDED_AVAILABILITY = YES_AGGRESSIVE;
				CLANG_WARN_UNREACHABLE_CODE = YES;
				CLANG_WARN__DUPLICATE_METHOD_MATCH = YES;
				CODE_SIGN_IDENTITY = "iPhone Developer";
				COPY_PHASE_STRIP = NO;
				DEBUG_INFORMATION_FORMAT = dwarf;
				ENABLE_STRICT_OBJC_MSGSEND = YES;
				ENABLE_TESTABILITY = YES;
				GCC_C_LANGUAGE_STANDARD = gnu11;
				GCC_DYNAMIC_NO_PIC = NO;
				GCC_NO_COMMON_BLOCKS = YES;
				GCC_OPTIMIZATION_LEVEL = 0;
				GCC_PREPROCESSOR_DEFINITIONS = (
					"DEBUG=1",
					"$(inherited)",
				);
				GCC_WARN_64_TO_32_BIT_CONVERSION = YES;
				GCC_WARN_ABOUT_RETURN_TYPE = YES_ERROR;
				GCC_WARN_UNDECLARED_SELECTOR = YES;
				GCC_WARN_UNINITIALIZED_AUTOS = YES_AGGRESSIVE;
				GCC_WARN_UNUSED_FUNCTION = YES;
				GCC_WARN_UNUSED_VARIABLE = YES;
				IPHONEOS_DEPLOYMENT_TARGET = 12.1;
				MTL_ENABLE_DEBUG_INFO = INCLUDE_SOURCE;
				MTL_FAST_MATH = YES;
				ONLY_ACTIVE_ARCH = YES;
				SDKROOT = iphoneos;
				SWIFT_ACTIVE_COMPILATION_CONDITIONS = DEBUG;
				SWIFT_OPTIMIZATION_LEVEL = "-Onone";
			};
			name = Debug;
		};
		D0DBA6E92245F7E100729F39 /* Release */ = {
			isa = XCBuildConfiguration;
			buildSettings = {
				ALWAYS_SEARCH_USER_PATHS = NO;
				CLANG_ANALYZER_NONNULL = YES;
				CLANG_ANALYZER_NUMBER_OBJECT_CONVERSION = YES_AGGRESSIVE;
				CLANG_CXX_LANGUAGE_STANDARD = "gnu++14";
				CLANG_CXX_LIBRARY = "libc++";
				CLANG_ENABLE_MODULES = YES;
				CLANG_ENABLE_OBJC_ARC = YES;
				CLANG_ENABLE_OBJC_WEAK = YES;
				CLANG_WARN_BLOCK_CAPTURE_AUTORELEASING = YES;
				CLANG_WARN_BOOL_CONVERSION = YES;
				CLANG_WARN_COMMA = YES;
				CLANG_WARN_CONSTANT_CONVERSION = YES;
				CLANG_WARN_DEPRECATED_OBJC_IMPLEMENTATIONS = YES;
				CLANG_WARN_DIRECT_OBJC_ISA_USAGE = YES_ERROR;
				CLANG_WARN_DOCUMENTATION_COMMENTS = YES;
				CLANG_WARN_EMPTY_BODY = YES;
				CLANG_WARN_ENUM_CONVERSION = YES;
				CLANG_WARN_INFINITE_RECURSION = YES;
				CLANG_WARN_INT_CONVERSION = YES;
				CLANG_WARN_NON_LITERAL_NULL_CONVERSION = YES;
				CLANG_WARN_OBJC_IMPLICIT_RETAIN_SELF = YES;
				CLANG_WARN_OBJC_LITERAL_CONVERSION = YES;
				CLANG_WARN_OBJC_ROOT_CLASS = YES_ERROR;
				CLANG_WARN_RANGE_LOOP_ANALYSIS = YES;
				CLANG_WARN_STRICT_PROTOTYPES = YES;
				CLANG_WARN_SUSPICIOUS_MOVE = YES;
				CLANG_WARN_UNGUARDED_AVAILABILITY = YES_AGGRESSIVE;
				CLANG_WARN_UNREACHABLE_CODE = YES;
				CLANG_WARN__DUPLICATE_METHOD_MATCH = YES;
				CODE_SIGN_IDENTITY = "iPhone Developer";
				COPY_PHASE_STRIP = NO;
				DEBUG_INFORMATION_FORMAT = "dwarf-with-dsym";
				ENABLE_NS_ASSERTIONS = NO;
				ENABLE_STRICT_OBJC_MSGSEND = YES;
				GCC_C_LANGUAGE_STANDARD = gnu11;
				GCC_NO_COMMON_BLOCKS = YES;
				GCC_WARN_64_TO_32_BIT_CONVERSION = YES;
				GCC_WARN_ABOUT_RETURN_TYPE = YES_ERROR;
				GCC_WARN_UNDECLARED_SELECTOR = YES;
				GCC_WARN_UNINITIALIZED_AUTOS = YES_AGGRESSIVE;
				GCC_WARN_UNUSED_FUNCTION = YES;
				GCC_WARN_UNUSED_VARIABLE = YES;
				IPHONEOS_DEPLOYMENT_TARGET = 12.1;
				MTL_ENABLE_DEBUG_INFO = NO;
				MTL_FAST_MATH = YES;
				SDKROOT = iphoneos;
				SWIFT_COMPILATION_MODE = wholemodule;
				SWIFT_OPTIMIZATION_LEVEL = "-O";
				VALIDATE_PRODUCT = YES;
			};
			name = Release;
		};
		D0DBA6EB2245F7E100729F39 /* Debug */ = {
			isa = XCBuildConfiguration;
			buildSettings = {
				ASSETCATALOG_COMPILER_APPICON_NAME = AppIcon;
				CLANG_ENABLE_MODULES = YES;
				CODE_SIGN_STYLE = Automatic;
				DEVELOPMENT_TEAM = URZ22W695L;
				INFOPLIST_FILE = Todoke/Info.plist;
				LD_RUNPATH_SEARCH_PATHS = (
					"$(inherited)",
					"@executable_path/Frameworks",
				);
				PRODUCT_BUNDLE_IDENTIFIER = com.pavinmathew.Todoke;
				PRODUCT_NAME = "$(TARGET_NAME)";
				SWIFT_OPTIMIZATION_LEVEL = "-Onone";
				SWIFT_VERSION = 4.2;
				TARGETED_DEVICE_FAMILY = 1;
			};
			name = Debug;
		};
		D0DBA6EC2245F7E100729F39 /* Release */ = {
			isa = XCBuildConfiguration;
			buildSettings = {
				ASSETCATALOG_COMPILER_APPICON_NAME = AppIcon;
				CLANG_ENABLE_MODULES = YES;
				CODE_SIGN_STYLE = Automatic;
				DEVELOPMENT_TEAM = URZ22W695L;
				INFOPLIST_FILE = Todoke/Info.plist;
				LD_RUNPATH_SEARCH_PATHS = (
					"$(inherited)",
					"@executable_path/Frameworks",
				);
				PRODUCT_BUNDLE_IDENTIFIER = com.pavinmathew.Todoke;
				PRODUCT_NAME = "$(TARGET_NAME)";
				SWIFT_VERSION = 4.2;
				TARGETED_DEVICE_FAMILY = 1;
			};
			name = Release;
		};
		D0DBA6EE2245F7E100729F39 /* Debug */ = {
			isa = XCBuildConfiguration;
			buildSettings = {
				ALWAYS_EMBED_SWIFT_STANDARD_LIBRARIES = YES;
				BUNDLE_LOADER = "$(TEST_HOST)";
				CODE_SIGN_STYLE = Automatic;
				DEVELOPMENT_TEAM = URZ22W695L;
				INFOPLIST_FILE = TodokeTests/Info.plist;
				LD_RUNPATH_SEARCH_PATHS = (
					"$(inherited)",
					"@executable_path/Frameworks",
					"@loader_path/Frameworks",
				);
				PRODUCT_BUNDLE_IDENTIFIER = com.pavinmathew.TodokeTests;
				PRODUCT_NAME = "$(TARGET_NAME)";
				SWIFT_VERSION = 4.2;
				TARGETED_DEVICE_FAMILY = "1,2";
				TEST_HOST = "$(BUILT_PRODUCTS_DIR)/Todoke.app/Todoke";
			};
			name = Debug;
		};
		D0DBA6EF2245F7E100729F39 /* Release */ = {
			isa = XCBuildConfiguration;
			buildSettings = {
				ALWAYS_EMBED_SWIFT_STANDARD_LIBRARIES = YES;
				BUNDLE_LOADER = "$(TEST_HOST)";
				CODE_SIGN_STYLE = Automatic;
				DEVELOPMENT_TEAM = URZ22W695L;
				INFOPLIST_FILE = TodokeTests/Info.plist;
				LD_RUNPATH_SEARCH_PATHS = (
					"$(inherited)",
					"@executable_path/Frameworks",
					"@loader_path/Frameworks",
				);
				PRODUCT_BUNDLE_IDENTIFIER = com.pavinmathew.TodokeTests;
				PRODUCT_NAME = "$(TARGET_NAME)";
				SWIFT_VERSION = 4.2;
				TARGETED_DEVICE_FAMILY = "1,2";
				TEST_HOST = "$(BUILT_PRODUCTS_DIR)/Todoke.app/Todoke";
			};
			name = Release;
		};
		D0DBA6F12245F7E100729F39 /* Debug */ = {
			isa = XCBuildConfiguration;
			buildSettings = {
				ALWAYS_EMBED_SWIFT_STANDARD_LIBRARIES = YES;
				CODE_SIGN_STYLE = Automatic;
				DEVELOPMENT_TEAM = URZ22W695L;
				INFOPLIST_FILE = TodokeUITests/Info.plist;
				LD_RUNPATH_SEARCH_PATHS = (
					"$(inherited)",
					"@executable_path/Frameworks",
					"@loader_path/Frameworks",
				);
				PRODUCT_BUNDLE_IDENTIFIER = com.pavinmathew.TodokeUITests;
				PRODUCT_NAME = "$(TARGET_NAME)";
				SWIFT_VERSION = 4.2;
				TARGETED_DEVICE_FAMILY = "1,2";
				TEST_TARGET_NAME = Todoke;
			};
			name = Debug;
		};
		D0DBA6F22245F7E100729F39 /* Release */ = {
			isa = XCBuildConfiguration;
			buildSettings = {
				ALWAYS_EMBED_SWIFT_STANDARD_LIBRARIES = YES;
				CODE_SIGN_STYLE = Automatic;
				DEVELOPMENT_TEAM = URZ22W695L;
				INFOPLIST_FILE = TodokeUITests/Info.plist;
				LD_RUNPATH_SEARCH_PATHS = (
					"$(inherited)",
					"@executable_path/Frameworks",
					"@loader_path/Frameworks",
				);
				PRODUCT_BUNDLE_IDENTIFIER = com.pavinmathew.TodokeUITests;
				PRODUCT_NAME = "$(TARGET_NAME)";
				SWIFT_VERSION = 4.2;
				TARGETED_DEVICE_FAMILY = "1,2";
				TEST_TARGET_NAME = Todoke;
			};
			name = Release;
		};
/* End XCBuildConfiguration section */

/* Begin XCConfigurationList section */
		D0DBA6BD2245F7E000729F39 /* Build configuration list for PBXProject "Todoke" */ = {
			isa = XCConfigurationList;
			buildConfigurations = (
				D0DBA6E82245F7E100729F39 /* Debug */,
				D0DBA6E92245F7E100729F39 /* Release */,
			);
			defaultConfigurationIsVisible = 0;
			defaultConfigurationName = Release;
		};
		D0DBA6EA2245F7E100729F39 /* Build configuration list for PBXNativeTarget "Todoke" */ = {
			isa = XCConfigurationList;
			buildConfigurations = (
				D0DBA6EB2245F7E100729F39 /* Debug */,
				D0DBA6EC2245F7E100729F39 /* Release */,
			);
			defaultConfigurationIsVisible = 0;
			defaultConfigurationName = Release;
		};
		D0DBA6ED2245F7E100729F39 /* Build configuration list for PBXNativeTarget "TodokeTests" */ = {
			isa = XCConfigurationList;
			buildConfigurations = (
				D0DBA6EE2245F7E100729F39 /* Debug */,
				D0DBA6EF2245F7E100729F39 /* Release */,
			);
			defaultConfigurationIsVisible = 0;
			defaultConfigurationName = Release;
		};
		D0DBA6F02245F7E100729F39 /* Build configuration list for PBXNativeTarget "TodokeUITests" */ = {
			isa = XCConfigurationList;
			buildConfigurations = (
				D0DBA6F12245F7E100729F39 /* Debug */,
				D0DBA6F22245F7E100729F39 /* Release */,
			);
			defaultConfigurationIsVisible = 0;
			defaultConfigurationName = Release;
		};
/* End XCConfigurationList section */

/* Begin XCVersionGroup section */
		D0DBA6F72246363C00729F39 /* Todoke.xcdatamodeld */ = {
			isa = XCVersionGroup;
			children = (
				D0DBA6F82246363C00729F39 /* Todoke.xcdatamodel */,
			);
			currentVersion = D0DBA6F82246363C00729F39 /* Todoke.xcdatamodel */;
			path = Todoke.xcdatamodeld;
			sourceTree = "<group>";
			versionGroupType = wrapper.xcdatamodel;
		};
/* End XCVersionGroup section */
	};
	rootObject = D0DBA6BA2245F7E000729F39 /* Project object */;
}
